
Microsoft Visual Studio Solution File, Format Version 12.00
# Visual Studio 14
VisualStudioVersion = 14.0.25123.0
MinimumVisualStudioVersion = 10.0.40219.1
Project("{FAE04EC0-301F-11D3-BF4B-00C04F79EFBC}") = "Gestor_Proyectos_OIJ", "Gestor_Proyectos_OIJ\Gestor_Proyectos_OIJ.csproj", "{84E0C82B-B435-4D30-ACCB-46DB48E175D0}"
EndProject
Project("{FAE04EC0-301F-11D3-BF4B-00C04F79EFBC}") = "DomainLibrary", "DomainLibrary\DomainLibrary.csproj", "{EC664C38-15F9-4EEE-A9C9-65381BC33F3B}"
EndProject
Project("{FAE04EC0-301F-11D3-BF4B-00C04F79EFBC}") = "DataLibrary", "DataLibrary\DataLibrary.csproj", "{11D7EF7C-6C51-409D-8393-9B88AB401B74}"
EndProject
Global
	GlobalSection(SolutionConfigurationPlatforms) = preSolution
		Debug|Any CPU = Debug|Any CPU
		Release|Any CPU = Release|Any CPU
	EndGlobalSection
	GlobalSection(ProjectConfigurationPlatforms) = postSolution
		{84E0C82B-B435-4D30-ACCB-46DB48E175D0}.Debug|Any CPU.ActiveCfg = Debug|Any CPU
		{84E0C82B-B435-4D30-ACCB-46DB48E175D0}.Debug|Any CPU.Build.0 = Debug|Any CPU
		{84E0C82B-B435-4D30-ACCB-46DB48E175D0}.Release|Any CPU.ActiveCfg = Release|Any CPU
		{84E0C82B-B435-4D30-ACCB-46DB48E175D0}.Release|Any CPU.Build.0 = Release|Any CPU
		{EC664C38-15F9-4EEE-A9C9-65381BC33F3B}.Debug|Any CPU.ActiveCfg = Debug|Any CPU
		{EC664C38-15F9-4EEE-A9C9-65381BC33F3B}.Debug|Any CPU.Build.0 = Debug|Any CPU
		{EC664C38-15F9-4EEE-A9C9-65381BC33F3B}.Release|Any CPU.ActiveCfg = Release|Any CPU
		{EC664C38-15F9-4EEE-A9C9-65381BC33F3B}.Release|Any CPU.Build.0 = Release|Any CPU
		{11D7EF7C-6C51-409D-8393-9B88AB401B74}.Debug|Any CPU.ActiveCfg = Debug|Any CPU
		{11D7EF7C-6C51-409D-8393-9B88AB401B74}.Debug|Any CPU.Build.0 = Debug|Any CPU
		{11D7EF7C-6C51-409D-8393-9B88AB401B74}.Release|Any CPU.ActiveCfg = Release|Any CPU
		{11D7EF7C-6C51-409D-8393-9B88AB401B74}.Release|Any CPU.Build.0 = Release|Any CPU
	EndGlobalSection
	GlobalSection(SolutionProperties) = preSolution
		HideSolutionNode = FALSE
	EndGlobalSection
EndGlobal
